{
  "requires": true,
  "lockfileVersion": 1,
  "dependencies": {
    "@intlify/core-base": {
      "version": "9.3.0-beta.19",
      "resolved": "https://registry.npmjs.org/@intlify/core-base/-/core-base-9.3.0-beta.19.tgz",
      "integrity": "sha512-mlpVZ1w6ZwnP9QZAs+RzGuFMCuYjZPboX3hX7JzhV49vUcsLj0R4667cmcLpPZzXJguIy/zaqbIyoUvLV8HONQ==",
      "requires": {
        "@intlify/devtools-if": "9.3.0-beta.19",
        "@intlify/message-compiler": "9.3.0-beta.19",
        "@intlify/shared": "9.3.0-beta.19",
        "@intlify/vue-devtools": "9.3.0-beta.19"
      }
    },
    "@intlify/devtools-if": {
      "version": "9.3.0-beta.19",
      "resolved": "https://registry.npmjs.org/@intlify/devtools-if/-/devtools-if-9.3.0-beta.19.tgz",
      "integrity": "sha512-L4NyqMcuQURejKy9XX0m/2kb37f56NAUvbiXKRx96pahSBclY6T+E0TrKXup0Hx6T0qY55QYGRwyVLeHXIHAMA==",
      "requires": {
        "@intlify/shared": "9.3.0-beta.19"
      }
    },
    "@intlify/message-compiler": {
      "version": "9.3.0-beta.19",
      "resolved": "https://registry.npmjs.org/@intlify/message-compiler/-/message-compiler-9.3.0-beta.19.tgz",
      "integrity": "sha512-5RBn5tMOsWh5FqM65IfEJvfpRS8R0lHEUVNDa2rNc9Y7oGEI7swezlbFqU9Kc5FyHy5Kx2jHtdgFIipDwnIYFQ==",
      "requires": {
        "@intlify/shared": "9.3.0-beta.19",
        "source-map": "0.6.1"
      }
    },
    "@intlify/shared": {
      "version": "9.3.0-beta.19",
      "resolved": "https://registry.npmjs.org/@intlify/shared/-/shared-9.3.0-beta.19.tgz",
      "integrity": "sha512-+lhQggrLvlQ/O5OmIYAc9gadcYXMoaDi0Doef+X/f6TLZFr9PTMjOpBWmpwNNHi026e54jckntUn6GzqDtIN4w=="
    },
    "@intlify/vue-devtools": {
      "version": "9.3.0-beta.19",
      "resolved": "https://registry.npmjs.org/@intlify/vue-devtools/-/vue-devtools-9.3.0-beta.19.tgz",
      "integrity": "sha512-7yz8sUbovPUIf8sCX3+sMdw/xEyeHKBCc7Agxcxv54PiQz3zwsVl0hC1X+JXUy46FiPsMEoFfY8O27xOFLupaw==",
      "requires": {
        "@intlify/core-base": "9.3.0-beta.19",
        "@intlify/shared": "9.3.0-beta.19"
      }
    },
    "@vue/devtools-api": {
      "version": "6.5.0",
      "resolved": "https://registry.npmjs.org/@vue/devtools-api/-/devtools-api-6.5.0.tgz",
      "integrity": "sha512-o9KfBeaBmCKl10usN4crU53fYtC1r7jJwdGKjPT24t348rHxgfpZ0xL3Xm/gLUYnc0oTp8LAmrxOeLyu6tbk2Q=="
    },
    "source-map": {
      "version": "0.6.1",
      "resolved": "https://registry.npmjs.org/source-map/-/source-map-0.6.1.tgz",
      "integrity": "sha512-UjgapumWlbMhkBgzT7Ykc5YXUT46F0iKu8SGXq0bcwP5dz/h0Plj6enJqjz1Zbq2l5WaqYnrVbwWOWMyF3F47g=="
    },
    "vue-i18n": {
      "version": "9.3.0-beta.19",
      "resolved": "https://registry.npmjs.org/vue-i18n/-/vue-i18n-9.3.0-beta.19.tgz",
      "integrity": "sha512-1pbEcoAbxaAPuR5hODnQJ5CtIimnVD+aUVnCztuuRaOZPLP1i4FxkWVvb1lu8JIRC5pePyODZxi3yoy3PUYheA==",
      "requires": {
        "@intlify/core-base": "9.3.0-beta.19",
        "@intlify/shared": "9.3.0-beta.19",
        "@intlify/vue-devtools": "9.3.0-beta.19",
        "@vue/devtools-api": "^6.5.0"
      }
    }
  }
}
